// !$*UTF8*$!
{
	archiveVersion = 1;
	classes = {
	};
	objectVersion = 50;
	objects = {

/* Begin PBXBuildFile section */
		A160C46F2101DFCC00CEDDBC /* main.m in Sources */ = {isa = PBXBuildFile; fileRef = A160C46E2101DFCC00CEDDBC /* main.m */; };
		A160C4772101E00200CEDDBC /* SFFactory.m in Sources */ = {isa = PBXBuildFile; fileRef = A160C4762101E00200CEDDBC /* SFFactory.m */; };
		A160C47A2101E02E00CEDDBC /* SFOperation.m in Sources */ = {isa = PBXBuildFile; fileRef = A160C4792101E02E00CEDDBC /* SFOperation.m */; };
		A160C47D2101E05000CEDDBC /* SFOperationMantou.m in Sources */ = {isa = PBXBuildFile; fileRef = A160C47C2101E05000CEDDBC /* SFOperationMantou.m */; };
		A160C4802101E06D00CEDDBC /* SFOperationYoutiao.m in Sources */ = {isa = PBXBuildFile; fileRef = A160C47F2101E06D00CEDDBC /* SFOperationYoutiao.m */; };
/* End PBXBuildFile section */

/* Begin PBXCopyFilesBuildPhase section */
		A160C4692101DFCC00CEDDBC /* CopyFiles */ = {
			isa = PBXCopyFilesBuildPhase;
			buildActionMask = 2147483647;
			dstPath = /usr/share/man/man1/;
			dstSubfolderSpec = 0;
			files = (
			);
			runOnlyForDeploymentPostprocessing = 1;
		};
/* End PBXCopyFilesBuildPhase section */

/* Begin PBXFileReference section */
		A160C46B2101DFCC00CEDDBC /* 简单工厂模式 */ = {isa = PBXFileReference; explicitFileType = "compiled.mach-o.executable"; includeInIndex = 0; path = "简单工厂模式"; sourceTree = BUILT_PRODUCTS_DIR; };
		A160C46E2101DFCC00CEDDBC /* main.m */ = {isa = PBXFileReference; lastKnownFileType = sourcecode.c.objc; path = main.m; sourceTree = "<group>"; };
		A160C4752101E00100CEDDBC /* SFFactory.h */ = {isa = PBXFileReference; lastKnownFileType = sourcecode.c.h; path = SFFactory.h; sourceTree = "<group>"; };
		A160C4762101E00200CEDDBC /* SFFactory.m */ = {isa = PBXFileReference; lastKnownFileType = sourcecode.c.objc; path = SFFactory.m; sourceTree = "<group>"; };
		A160C4782101E02E00CEDDBC /* SFOperation.h */ = {isa = PBXFileReference; lastKnownFileType = sourcecode.c.h; path = SFOperation.h; sourceTree = "<group>"; };
		A160C4792101E02E00CEDDBC /* SFOperation.m */ = {isa = PBXFileReference; lastKnownFileType = sourcecode.c.objc; path = SFOperation.m; sourceTree = "<group>"; };
		A160C47B2101E05000CEDDBC /* SFOperationMantou.h */ = {isa = PBXFileReference; lastKnownFileType = sourcecode.c.h; path = SFOperationMantou.h; sourceTree = "<group>"; };
		A160C47C2101E05000CEDDBC /* SFOperationMantou.m */ = {isa = PBXFileReference; lastKnownFileType = sourcecode.c.objc; path = SFOperationMantou.m; sourceTree = "<group>"; };
		A160C47E2101E06D00CEDDBC /* SFOperationYoutiao.h */ = {isa = PBXFileReference; lastKnownFileType = sourcecode.c.h; path = SFOperationYoutiao.h; sourceTree = "<group>"; };
		A160C47F2101E06D00CEDDBC /* SFOperationYoutiao.m */ = {isa = PBXFileReference; lastKnownFileType = sourcecode.c.objc; path = SFOperationYoutiao.m; sourceTree = "<group>"; };
/* End PBXFileReference section */

/* Begin PBXFrameworksBuildPhase section */
		A160C4682101DFCC00CEDDBC /* Frameworks */ = {
			isa = PBXFrameworksBuildPhase;
			buildActionMask = 2147483647;
			files = (
			);
			runOnlyForDeploymentPostprocessing = 0;
		};
/* End PBXFrameworksBuildPhase section */

/* Begin PBXGroup section */
		A160C4622101DFCC00CEDDBC = {
			isa = PBXGroup;
			children = (
				A160C46D2101DFCC00CEDDBC /* 简单工厂模式 */,
				A160C46C2101DFCC00CEDDBC /* Products */,
			);
			sourceTree = "<group>";
		};
		A160C46C2101DFCC00CEDDBC /* Products */ = {
			isa = PBXGroup;
			children = (
				A160C46B2101DFCC00CEDDBC /* 简单工厂模式 */,
			);
			name = Products;
			sourceTree = "<group>";
		};
		A160C46D2101DFCC00CEDDBC /* 简单工厂模式 */ = {
			isa = PBXGroup;
			children = (
				A160C46E2101DFCC00CEDDBC /* main.m */,
				A160C4752101E00100CEDDBC /* SFFactory.h */,
				A160C4762101E00200CEDDBC /* SFFactory.m */,
				A160C4782101E02E00CEDDBC /* SFOperation.h */,
				A160C4792101E02E00CEDDBC /* SFOperation.m */,
				A160C47B2101E05000CEDDBC /* SFOperationMantou.h */,
				A160C47C2101E05000CEDDBC /* SFOperationMantou.m */,
				A160C47E2101E06D00CEDDBC /* SFOperationYoutiao.h */,
				A160C47F2101E06D00CEDDBC /* SFOperationYoutiao.m */,
			);
			path = "简单工厂模式";
			sourceTree = "<group>";
		};
/* End PBXGroup section */

/* Begin PBXNativeTarget section */
		A160C46A2101DFCC00CEDDBC /* 简单工厂模式 */ = {
			isa = PBXNativeTarget;
			buildConfigurationList = A160C4722101DFCC00CEDDBC /* Build configuration list for PBXNativeTarget "简单工厂模式" */;
			buildPhases = (
				A160C4672101DFCC00CEDDBC /* Sources */,
				A160C4682101DFCC00CEDDBC /* Frameworks */,
				A160C4692101DFCC00CEDDBC /* CopyFiles */,
			);
			buildRules = (
			);
			dependencies = (
			);
			name = "简单工厂模式";
			productName = "简单工厂模式";
			productReference = A160C46B2101DFCC00CEDDBC /* 简单工厂模式 */;
			productType = "com.apple.product-type.tool";
		};
/* End PBXNativeTarget section */

/* Begin PBXProject section */
		A160C4632101DFCC00CEDDBC /* Project object */ = {
			isa = PBXProject;
			attributes = {
				LastUpgradeCheck = 0930;
				ORGANIZATIONNAME = "都兴忱";
				TargetAttributes = {
					A160C46A2101DFCC00CEDDBC = {
						CreatedOnToolsVersion = 9.3;
					};
				};
			};
			buildConfigurationList = A160C4662101DFCC00CEDDBC /* Build configuration list for PBXProject "简单工厂模式" */;
			compatibilityVersion = "Xcode 9.3";
			developmentRegion = en;
			hasScannedForEncodings = 0;
			knownRegions = (
				en,
			);
			mainGroup = A160C4622101DFCC00CEDDBC;
			productRefGroup = A160C46C2101DFCC00CEDDBC /* Products */;
			projectDirPath = "";
			projectRoot = "";
			targets = (
				A160C46A2101DFCC00CEDDBC /* 简单工厂模式 */,
			);
		};
/* End PBXProject section */

/* Begin PBXSourcesBuildPhase section */
		A160C4672101DFCC00CEDDBC /* Sources */ = {
			isa = PBXSourcesBuildPhase;
			buildActionMask = 2147483647;
			files = (
				A160C47D2101E05000CEDDBC /* SFOperationMantou.m in Sources */,
				A160C46F2101DFCC00CEDDBC /* main.m in Sources */,
				A160C4772101E00200CEDDBC /* SFFactory.m in Sources */,
				A160C4802101E06D00CEDDBC /* SFOperationYoutiao.m in Sources */,
				A160C47A2101E02E00CEDDBC /* SFOperation.m in Sources */,
			);
			runOnlyForDeploymentPostprocessing = 0;
		};
/* End PBXSourcesBuildPhase section */

/* Begin XCBuildConfiguration section */
		A160C4702101DFCC00CEDDBC /* Debug */ = {
			isa = XCBuildConfiguration;
			buildSettings = {
				ALWAYS_SEARCH_USER_PATHS = NO;
				CLANG_ANALYZER_NONNULL = YES;
				CLANG_ANALYZER_NUMBER_OBJECT_CONVERSION = YES_AGGRESSIVE;
				CLANG_CXX_LANGUAGE_STANDARD = "gnu++14";
				CLANG_CXX_LIBRARY = "libc++";
				CLANG_ENABLE_MODULES = YES;
				CLANG_ENABLE_OBJC_ARC = YES;
				CLANG_ENABLE_OBJC_WEAK = YES;
				CLANG_WARN_BLOCK_CAPTURE_AUTORELEASING = YES;
				CLANG_WARN_BOOL_CONVERSION = YES;
				CLANG_WARN_COMMA = YES;
				CLANG_WARN_CONSTANT_CONVERSION = YES;
				CLANG_WARN_DEPRECATED_OBJC_IMPLEMENTATIONS = YES;
				CLANG_WARN_DIRECT_OBJC_ISA_USAGE = YES_ERROR;
				CLANG_WARN_DOCUMENTATION_COMMENTS = YES;
				CLANG_WARN_EMPTY_BODY = YES;
				CLANG_WARN_ENUM_CONVERSION = YES;
				CLANG_WARN_INFINITE_RECURSION = YES;
				CLANG_WARN_INT_CONVERSION = YES;
				CLANG_WARN_NON_LITERAL_NULL_CONVERSION = YES;
				CLANG_WARN_OBJC_IMPLICIT_RETAIN_SELF = YES;
				CLANG_WARN_OBJC_LITERAL_CONVERSION = YES;
				CLANG_WARN_OBJC_ROOT_CLASS = YES_ERROR;
				CLANG_WARN_RANGE_LOOP_ANALYSIS = YES;
				CLANG_WARN_STRICT_PROTOTYPES = YES;
				CLANG_WARN_SUSPICIOUS_MOVE = YES;
				CLANG_WARN_UNGUARDED_AVAILABILITY = YES_AGGRESSIVE;
				CLANG_WARN_UNREACHABLE_CODE = YES;
				CLANG_WARN__DUPLICATE_METHOD_MATCH = YES;
				CODE_SIGN_IDENTITY = "-";
				COPY_PHASE_STRIP = NO;
				DEBUG_INFORMATION_FORMAT = dwarf;
				ENABLE_STRICT_OBJC_MSGSEND = YES;
				ENABLE_TESTABILITY = YES;
				GCC_C_LANGUAGE_STANDARD = gnu11;
				GCC_DYNAMIC_NO_PIC = NO;
				GCC_NO_COMMON_BLOCKS = YES;
				GCC_OPTIMIZATION_LEVEL = 0;
				GCC_PREPROCESSOR_DEFINITIONS = (
					"DEBUG=1",
					"$(inherited)",
				);
				GCC_WARN_64_TO_32_BIT_CONVERSION = YES;
				GCC_WARN_ABOUT_RETURN_TYPE = YES_ERROR;
				GCC_WARN_UNDECLARED_SELECTOR = YES;
				GCC_WARN_UNINITIALIZED_AUTOS = YES_AGGRESSIVE;
				GCC_WARN_UNUSED_FUNCTION = YES;
				GCC_WARN_UNUSED_VARIABLE = YES;
				MACOSX_DEPLOYMENT_TARGET = 10.13;
				MTL_ENABLE_DEBUG_INFO = YES;
				ONLY_ACTIVE_ARCH = YES;
				SDKROOT = macosx;
			};
			name = Debug;
		};
		A160C4712101DFCC00CEDDBC /* Release */ = {
			isa = XCBuildConfiguration;
			buildSettings = {
				ALWAYS_SEARCH_USER_PATHS = NO;
				CLANG_ANALYZER_NONNULL = YES;
				CLANG_ANALYZER_NUMBER_OBJECT_CONVERSION = YES_AGGRESSIVE;
				CLANG_CXX_LANGUAGE_STANDARD = "gnu++14";
				CLANG_CXX_LIBRARY = "libc++";
				CLANG_ENABLE_MODULES = YES;
				CLANG_ENABLE_OBJC_ARC = YES;
				CLANG_ENABLE_OBJC_WEAK = YES;
				CLANG_WARN_BLOCK_CAPTURE_AUTORELEASING = YES;
				CLANG_WARN_BOOL_CONVERSION = YES;
				CLANG_WARN_COMMA = YES;
				CLANG_WARN_CONSTANT_CONVERSION = YES;
				CLANG_WARN_DEPRECATED_OBJC_IMPLEMENTATIONS = YES;
				CLANG_WARN_DIRECT_OBJC_ISA_USAGE = YES_ERROR;
				CLANG_WARN_DOCUMENTATION_COMMENTS = YES;
				CLANG_WARN_EMPTY_BODY = YES;
				CLANG_WARN_ENUM_CONVERSION = YES;
				CLANG_WARN_INFINITE_RECURSION = YES;
				CLANG_WARN_INT_CONVERSION = YES;
				CLANG_WARN_NON_LITERAL_NULL_CONVERSION = YES;
				CLANG_WARN_OBJC_IMPLICIT_RETAIN_SELF = YES;
				CLANG_WARN_OBJC_LITERAL_CONVERSION = YES;
				CLANG_WARN_OBJC_ROOT_CLASS = YES_ERROR;
				CLANG_WARN_RANGE_LOOP_ANALYSIS = YES;
				CLANG_WARN_STRICT_PROTOTYPES = YES;
				CLANG_WARN_SUSPICIOUS_MOVE = YES;
				CLANG_WARN_UNGUARDED_AVAILABILITY = YES_AGGRESSIVE;
				CLANG_WARN_UNREACHABLE_CODE = YES;
				CLANG_WARN__DUPLICATE_METHOD_MATCH = YES;
				CODE_SIGN_IDENTITY = "-";
				COPY_PHASE_STRIP = NO;
				DEBUG_INFORMATION_FORMAT = "dwarf-with-dsym";
				ENABLE_NS_ASSERTIONS = NO;
				ENABLE_STRICT_OBJC_MSGSEND = YES;
				GCC_C_LANGUAGE_STANDARD = gnu11;
				GCC_NO_COMMON_BLOCKS = YES;
				GCC_WARN_64_TO_32_BIT_CONVERSION = YES;
				GCC_WARN_ABOUT_RETURN_TYPE = YES_ERROR;
				GCC_WARN_UNDECLARED_SELECTOR = YES;
				GCC_WARN_UNINITIALIZED_AUTOS = YES_AGGRESSIVE;
				GCC_WARN_UNUSED_FUNCTION = YES;
				GCC_WARN_UNUSED_VARIABLE = YES;
				MACOSX_DEPLOYMENT_TARGET = 10.13;
				MTL_ENABLE_DEBUG_INFO = NO;
				SDKROOT = macosx;
			};
			name = Release;
		};
		A160C4732101DFCC00CEDDBC /* Debug */ = {
			isa = XCBuildConfiguration;
			buildSettings = {
				CODE_SIGN_STYLE = Automatic;
				PRODUCT_NAME = "$(TARGET_NAME)";
			};
			name = Debug;
		};
		A160C4742101DFCC00CEDDBC /* Release */ = {
			isa = XCBuildConfiguration;
			buildSettings = {
				CODE_SIGN_STYLE = Automatic;
				PRODUCT_NAME = "$(TARGET_NAME)";
			};
			name = Release;
		};
/* End XCBuildConfiguration section */

/* Begin XCConfigurationList section */
		A160C4662101DFCC00CEDDBC /* Build configuration list for PBXProject "简单工厂模式" */ = {
			isa = XCConfigurationList;
			buildConfigurations = (
				A160C4702101DFCC00CEDDBC /* Debug */,
				A160C4712101DFCC00CEDDBC /* Release */,
			);
			defaultConfigurationIsVisible = 0;
			defaultConfigurationName = Release;
		};
		A160C4722101DFCC00CEDDBC /* Build configuration list for PBXNativeTarget "简单工厂模式" */ = {
			isa = XCConfigurationList;
			buildConfigurations = (
				A160C4732101DFCC00CEDDBC /* Debug */,
				A160C4742101DFCC00CEDDBC /* Release */,
			);
			defaultConfigurationIsVisible = 0;
			defaultConfigurationName = Release;
		};
/* End XCConfigurationList section */
	};
	rootObject = A160C4632101DFCC00CEDDBC /* Project object */;
}
